
Microsoft Visual Studio Solution File, Format Version 12.00
# Visual Studio Version 16
VisualStudioVersion = 16.0.30804.86
MinimumVisualStudioVersion = 10.0.40219.1
Project("{FAE04EC0-301F-11D3-BF4B-00C04F79EFBC}") = "PryUserRuizFloresMR", "PryUserRuizFloresMR\PryUserRuizFloresMR.csproj", "{921D9C89-79B6-4153-A899-87E1B3B0670E}"
EndProject
Global
	GlobalSection(SolutionConfigurationPlatforms) = preSolution
		Debug|Any CPU = Debug|Any CPU
		Release|Any CPU = Release|Any CPU
	EndGlobalSection
	GlobalSection(ProjectConfigurationPlatforms) = postSolution
		{921D9C89-79B6-4153-A899-87E1B3B0670E}.Debug|Any CPU.ActiveCfg = Debug|Any CPU
		{921D9C89-79B6-4153-A899-87E1B3B0670E}.Debug|Any CPU.Build.0 = Debug|Any CPU
		{921D9C89-79B6-4153-A899-87E1B3B0670E}.Release|Any CPU.ActiveCfg = Release|Any CPU
		{921D9C89-79B6-4153-A899-87E1B3B0670E}.Release|Any CPU.Build.0 = Release|Any CPU
	EndGlobalSection
	GlobalSection(SolutionProperties) = preSolution
		HideSolutionNode = FALSE
	EndGlobalSection
	GlobalSection(ExtensibilityGlobals) = postSolution
		SolutionGuid = {837843CE-ACB3-49F6-A0B8-F89EC7E316F5}
	EndGlobalSection
EndGlobal
